// !$*UTF8*$!
{
	archiveVersion = 1;
	classes = {
	};
	objectVersion = 46;
	objects = {

/* Begin PBXBuildFile section */
		5E8FBD6F1389E8FC00173584 /* Cocoa.framework in Frameworks */ = {isa = PBXBuildFile; fileRef = 5E8FBD6E1389E8FC00173584 /* Cocoa.framework */; };
		5E8FBD791389E8FC00173584 /* InfoPlist.strings in Resources */ = {isa = PBXBuildFile; fileRef = 5E8FBD771389E8FC00173584 /* InfoPlist.strings */; };
		5E8FBD7C1389E8FC00173584 /* main.m in Sources */ = {isa = PBXBuildFile; fileRef = 5E8FBD7B1389E8FC00173584 /* main.m */; };
		5E8FBD7F1389E8FC00173584 /* Credits.rtf in Resources */ = {isa = PBXBuildFile; fileRef = 5E8FBD7D1389E8FC00173584 /* Credits.rtf */; };
		5E8FBD821389E8FC00173584 /* mlcoredataAppDelegate.m in Sources */ = {isa = PBXBuildFile; fileRef = 5E8FBD811389E8FC00173584 /* mlcoredataAppDelegate.m */; };
		5E8FBD851389E8FC00173584 /* MainMenu.xib in Resources */ = {isa = PBXBuildFile; fileRef = 5E8FBD831389E8FC00173584 /* MainMenu.xib */; };
		5E8FBD881389E8FC00173584 /* mlcoredata.xcdatamodeld in Sources */ = {isa = PBXBuildFile; fileRef = 5E8FBD861389E8FC00173584 /* mlcoredata.xcdatamodeld */; };
		5E8FBD8F1389E8FC00173584 /* Cocoa.framework in Frameworks */ = {isa = PBXBuildFile; fileRef = 5E8FBD6E1389E8FC00173584 /* Cocoa.framework */; };
		5E8FBD971389E8FC00173584 /* InfoPlist.strings in Resources */ = {isa = PBXBuildFile; fileRef = 5E8FBD951389E8FC00173584 /* InfoPlist.strings */; };
		5E8FBD9A1389E8FC00173584 /* mlcoredataTests.h in Resources */ = {isa = PBXBuildFile; fileRef = 5E8FBD991389E8FC00173584 /* mlcoredataTests.h */; };
		5E8FBD9C1389E8FC00173584 /* mlcoredataTests.m in Sources */ = {isa = PBXBuildFile; fileRef = 5E8FBD9B1389E8FC00173584 /* mlcoredataTests.m */; };
/* End PBXBuildFile section */

/* Begin PBXContainerItemProxy section */
		5E8FBD901389E8FC00173584 /* PBXContainerItemProxy */ = {
			isa = PBXContainerItemProxy;
			containerPortal = 5E8FBD611389E8FB00173584 /* Project object */;
			proxyType = 1;
			remoteGlobalIDString = 5E8FBD691389E8FB00173584;
			remoteInfo = mlcoredata;
		};
/* End PBXContainerItemProxy section */

/* Begin PBXFileReference section */
		5E8FBD6A1389E8FC00173584 /* mlcoredata.app */ = {isa = PBXFileReference; explicitFileType = wrapper.application; includeInIndex = 0; path = mlcoredata.app; sourceTree = BUILT_PRODUCTS_DIR; };
		5E8FBD6E1389E8FC00173584 /* Cocoa.framework */ = {isa = PBXFileReference; lastKnownFileType = wrapper.framework; name = Cocoa.framework; path = System/Library/Frameworks/Cocoa.framework; sourceTree = SDKROOT; };
		5E8FBD711389E8FC00173584 /* AppKit.framework */ = {isa = PBXFileReference; lastKnownFileType = wrapper.framework; name = AppKit.framework; path = System/Library/Frameworks/AppKit.framework; sourceTree = SDKROOT; };
		5E8FBD721389E8FC00173584 /* CoreData.framework */ = {isa = PBXFileReference; lastKnownFileType = wrapper.framework; name = CoreData.framework; path = System/Library/Frameworks/CoreData.framework; sourceTree = SDKROOT; };
		5E8FBD731389E8FC00173584 /* Foundation.framework */ = {isa = PBXFileReference; lastKnownFileType = wrapper.framework; name = Foundation.framework; path = System/Library/Frameworks/Foundation.framework; sourceTree = SDKROOT; };
		5E8FBD761389E8FC00173584 /* mlcoredata-Info.plist */ = {isa = PBXFileReference; path = "mlcoredata-Info.plist"; sourceTree = "<group>"; };
		5E8FBD781389E8FC00173584 /* en */ = {isa = PBXFileReference; lastKnownFileType = text.plist.strings; name = en; path = en.lproj/InfoPlist.strings; sourceTree = "<group>"; };
		5E8FBD7A1389E8FC00173584 /* mlcoredata-Prefix.pch */ = {isa = PBXFileReference; path = "mlcoredata-Prefix.pch"; sourceTree = "<group>"; };
		5E8FBD7B1389E8FC00173584 /* main.m */ = {isa = PBXFileReference; lastKnownFileType = sourcecode.c.objc; path = main.m; sourceTree = "<group>"; };
		5E8FBD7E1389E8FC00173584 /* en */ = {isa = PBXFileReference; lastKnownFileType = text.rtf; name = en; path = en.lproj/Credits.rtf; sourceTree = "<group>"; };
		5E8FBD801389E8FC00173584 /* mlcoredataAppDelegate.h */ = {isa = PBXFileReference; path = mlcoredataAppDelegate.h; sourceTree = "<group>"; };
		5E8FBD811389E8FC00173584 /* mlcoredataAppDelegate.m */ = {isa = PBXFileReference; lastKnownFileType = sourcecode.c.objc; path = mlcoredataAppDelegate.m; sourceTree = "<group>"; };
		5E8FBD841389E8FC00173584 /* en */ = {isa = PBXFileReference; lastKnownFileType = file.xib; name = en; path = en.lproj/MainMenu.xib; sourceTree = "<group>"; };
		5E8FBD871389E8FC00173584 /* mlcoredata.xcdatamodel */ = {isa = PBXFileReference; lastKnownFileType = wrapper.xcdatamodel; path = mlcoredata.xcdatamodel; sourceTree = "<group>"; };
		5E8FBD8E1389E8FC00173584 /* mlcoredataTests.octest */ = {isa = PBXFileReference; explicitFileType = wrapper.cfbundle; includeInIndex = 0; path = mlcoredataTests.octest; sourceTree = BUILT_PRODUCTS_DIR; };
		5E8FBD941389E8FC00173584 /* mlcoredataTests-Info.plist */ = {isa = PBXFileReference; path = "mlcoredataTests-Info.plist"; sourceTree = "<group>"; };
		5E8FBD961389E8FC00173584 /* en */ = {isa = PBXFileReference; lastKnownFileType = text.plist.strings; name = en; path = en.lproj/InfoPlist.strings; sourceTree = "<group>"; };
		5E8FBD981389E8FC00173584 /* mlcoredataTests-Prefix.pch */ = {isa = PBXFileReference; path = "mlcoredataTests-Prefix.pch"; sourceTree = "<group>"; };
		5E8FBD991389E8FC00173584 /* mlcoredataTests.h */ = {isa = PBXFileReference; lastKnownFileType = sourcecode.c.h; path = mlcoredataTests.h; sourceTree = "<group>"; };
		5E8FBD9B1389E8FC00173584 /* mlcoredataTests.m */ = {isa = PBXFileReference; lastKnownFileType = sourcecode.c.objc; path = mlcoredataTests.m; sourceTree = "<group>"; };
/* End PBXFileReference section */

/* Begin PBXFrameworksBuildPhase section */
		5E8FBD671389E8FB00173584 /* Frameworks */ = {
			isa = PBXFrameworksBuildPhase;
			buildActionMask = 2147483647;
			files = (
				5E8FBD6F1389E8FC00173584 /* Cocoa.framework in Frameworks */,
			);
			runOnlyForDeploymentPostprocessing = 0;
		};
		5E8FBD8A1389E8FC00173584 /* Frameworks */ = {
			isa = PBXFrameworksBuildPhase;
			buildActionMask = 2147483647;
			files = (
				5E8FBD8F1389E8FC00173584 /* Cocoa.framework in Frameworks */,
			);
			runOnlyForDeploymentPostprocessing = 0;
		};
/* End PBXFrameworksBuildPhase section */

/* Begin PBXGroup section */
		5E8FBD5F1389E8FB00173584 = {
			isa = PBXGroup;
			children = (
				5E8FBD741389E8FC00173584 /* mlcoredata */,
				5E8FBD921389E8FC00173584 /* mlcoredataTests */,
				5E8FBD6D1389E8FC00173584 /* Frameworks */,
				5E8FBD6B1389E8FC00173584 /* Products */,
			);
			sourceTree = "<group>";
		};
		5E8FBD6B1389E8FC00173584 /* Products */ = {
			isa = PBXGroup;
			children = (
				5E8FBD6A1389E8FC00173584 /* mlcoredata.app */,
				5E8FBD8E1389E8FC00173584 /* mlcoredataTests.octest */,
			);
			name = Products;
			sourceTree = "<group>";
		};
		5E8FBD6D1389E8FC00173584 /* Frameworks */ = {
			isa = PBXGroup;
			children = (
				5E8FBD6E1389E8FC00173584 /* Cocoa.framework */,
				5E8FBD701389E8FC00173584 /* Other Frameworks */,
			);
			name = Frameworks;
			sourceTree = "<group>";
		};
		5E8FBD701389E8FC00173584 /* Other Frameworks */ = {
			isa = PBXGroup;
			children = (
				5E8FBD711389E8FC00173584 /* AppKit.framework */,
				5E8FBD721389E8FC00173584 /* CoreData.framework */,
				5E8FBD731389E8FC00173584 /* Foundation.framework */,
			);
			name = "Other Frameworks";
			sourceTree = "<group>";
		};
		5E8FBD741389E8FC00173584 /* mlcoredata */ = {
			isa = PBXGroup;
			children = (
				5E8FBD801389E8FC00173584 /* mlcoredataAppDelegate.h */,
				5E8FBD811389E8FC00173584 /* mlcoredataAppDelegate.m */,
				5E8FBD831389E8FC00173584 /* MainMenu.xib */,
				5E8FBD861389E8FC00173584 /* mlcoredata.xcdatamodeld */,
				5E8FBD751389E8FC00173584 /* Supporting Files */,
			);
			path = mlcoredata;
			sourceTree = "<group>";
		};
		5E8FBD751389E8FC00173584 /* Supporting Files */ = {
			isa = PBXGroup;
			children = (
				5E8FBD761389E8FC00173584 /* mlcoredata-Info.plist */,
				5E8FBD771389E8FC00173584 /* InfoPlist.strings */,
				5E8FBD7A1389E8FC00173584 /* mlcoredata-Prefix.pch */,
				5E8FBD7B1389E8FC00173584 /* main.m */,
				5E8FBD7D1389E8FC00173584 /* Credits.rtf */,
			);
			name = "Supporting Files";
			sourceTree = "<group>";
		};
		5E8FBD921389E8FC00173584 /* mlcoredataTests */ = {
			isa = PBXGroup;
			children = (
				5E8FBD991389E8FC00173584 /* mlcoredataTests.h */,
				5E8FBD9B1389E8FC00173584 /* mlcoredataTests.m */,
				5E8FBD931389E8FC00173584 /* Supporting Files */,
			);
			path = mlcoredataTests;
			sourceTree = "<group>";
		};
		5E8FBD931389E8FC00173584 /* Supporting Files */ = {
			isa = PBXGroup;
			children = (
				5E8FBD941389E8FC00173584 /* mlcoredataTests-Info.plist */,
				5E8FBD951389E8FC00173584 /* InfoPlist.strings */,
				5E8FBD981389E8FC00173584 /* mlcoredataTests-Prefix.pch */,
			);
			name = "Supporting Files";
			sourceTree = "<group>";
		};
/* End PBXGroup section */

/* Begin PBXNativeTarget section */
		5E8FBD691389E8FB00173584 /* mlcoredata */ = {
			isa = PBXNativeTarget;
			buildConfigurationList = 5E8FBD9F1389E8FC00173584 /* Build configuration list for PBXNativeTarget "mlcoredata" */;
			buildPhases = (
				5E8FBD661389E8FB00173584 /* Sources */,
				5E8FBD671389E8FB00173584 /* Frameworks */,
				5E8FBD681389E8FB00173584 /* Resources */,
			);
			buildRules = (
			);
			dependencies = (
			);
			name = mlcoredata;
			productName = mlcoredata;
			productReference = 5E8FBD6A1389E8FC00173584 /* mlcoredata.app */;
			productType = "com.apple.product-type.application";
		};
		5E8FBD8D1389E8FC00173584 /* mlcoredataTests */ = {
			isa = PBXNativeTarget;
			buildConfigurationList = 5E8FBDA21389E8FC00173584 /* Build configuration list for PBXNativeTarget "mlcoredataTests" */;
			buildPhases = (
				5E8FBD891389E8FC00173584 /* Sources */,
				5E8FBD8A1389E8FC00173584 /* Frameworks */,
				5E8FBD8B1389E8FC00173584 /* Resources */,
				5E8FBD8C1389E8FC00173584 /* ShellScript */,
			);
			buildRules = (
			);
			dependencies = (
				5E8FBD911389E8FC00173584 /* PBXTargetDependency */,
			);
			name = mlcoredataTests;
			productName = mlcoredataTests;
			productReference = 5E8FBD8E1389E8FC00173584 /* mlcoredataTests.octest */;
			productType = "com.apple.product-type.bundle";
		};
/* End PBXNativeTarget section */

/* Begin PBXProject section */
		5E8FBD611389E8FB00173584 /* Project object */ = {
			isa = PBXProject;
			attributes = {
				ORGANIZATIONNAME = "Team Axe, LLC";
			};
			buildConfigurationList = 5E8FBD641389E8FB00173584 /* Build configuration list for PBXProject "mlcoredata" */;
			compatibilityVersion = "Xcode 3.2";
			developmentRegion = English;
			hasScannedForEncodings = 0;
			knownRegions = (
				en,
			);
			mainGroup = 5E8FBD5F1389E8FB00173584;
			productRefGroup = 5E8FBD6B1389E8FC00173584 /* Products */;
			projectDirPath = "";
			projectRoot = "";
			targets = (
				5E8FBD691389E8FB00173584 /* mlcoredata */,
				5E8FBD8D1389E8FC00173584 /* mlcoredataTests */,
			);
		};
/* End PBXProject section */

/* Begin PBXResourcesBuildPhase section */
		5E8FBD681389E8FB00173584 /* Resources */ = {
			isa = PBXResourcesBuildPhase;
			buildActionMask = 2147483647;
			files = (
				5E8FBD791389E8FC00173584 /* InfoPlist.strings in Resources */,
				5E8FBD7F1389E8FC00173584 /* Credits.rtf in Resources */,
				5E8FBD851389E8FC00173584 /* MainMenu.xib in Resources */,
			);
			runOnlyForDeploymentPostprocessing = 0;
		};
		5E8FBD8B1389E8FC00173584 /* Resources */ = {
			isa = PBXResourcesBuildPhase;
			buildActionMask = 2147483647;
			files = (
				5E8FBD971389E8FC00173584 /* InfoPlist.strings in Resources */,
				5E8FBD9A1389E8FC00173584 /* mlcoredataTests.h in Resources */,
			);
			runOnlyForDeploymentPostprocessing = 0;
		};
/* End PBXResourcesBuildPhase section */

/* Begin PBXShellScriptBuildPhase section */
		5E8FBD8C1389E8FC00173584 /* ShellScript */ = {
			isa = PBXShellScriptBuildPhase;
			buildActionMask = 2147483647;
			files = (
			);
			inputPaths = (
			);
			outputPaths = (
			);
			runOnlyForDeploymentPostprocessing = 0;
			shellPath = /bin/sh;
			shellScript = "# Run the unit tests in this test bundle.\n\"${SYSTEM_DEVELOPER_DIR}/Tools/RunUnitTests\"\n";
		};
/* End PBXShellScriptBuildPhase section */

/* Begin PBXSourcesBuildPhase section */
		5E8FBD661389E8FB00173584 /* Sources */ = {
			isa = PBXSourcesBuildPhase;
			buildActionMask = 2147483647;
			files = (
				5E8FBD7C1389E8FC00173584 /* main.m in Sources */,
				5E8FBD821389E8FC00173584 /* mlcoredataAppDelegate.m in Sources */,
				5E8FBD881389E8FC00173584 /* mlcoredata.xcdatamodeld in Sources */,
			);
			runOnlyForDeploymentPostprocessing = 0;
		};
		5E8FBD891389E8FC00173584 /* Sources */ = {
			isa = PBXSourcesBuildPhase;
			buildActionMask = 2147483647;
			files = (
				5E8FBD9C1389E8FC00173584 /* mlcoredataTests.m in Sources */,
			);
			runOnlyForDeploymentPostprocessing = 0;
		};
/* End PBXSourcesBuildPhase section */

/* Begin PBXTargetDependency section */
		5E8FBD911389E8FC00173584 /* PBXTargetDependency */ = {
			isa = PBXTargetDependency;
			target = 5E8FBD691389E8FB00173584 /* mlcoredata */;
			targetProxy = 5E8FBD901389E8FC00173584 /* PBXContainerItemProxy */;
		};
/* End PBXTargetDependency section */

/* Begin PBXVariantGroup section */
		5E8FBD771389E8FC00173584 /* InfoPlist.strings */ = {
			isa = PBXVariantGroup;
			children = (
				5E8FBD781389E8FC00173584 /* en */,
			);
			name = InfoPlist.strings;
			sourceTree = "<group>";
		};
		5E8FBD7D1389E8FC00173584 /* Credits.rtf */ = {
			isa = PBXVariantGroup;
			children = (
				5E8FBD7E1389E8FC00173584 /* en */,
			);
			name = Credits.rtf;
			sourceTree = "<group>";
		};
		5E8FBD831389E8FC00173584 /* MainMenu.xib */ = {
			isa = PBXVariantGroup;
			children = (
				5E8FBD841389E8FC00173584 /* en */,
			);
			name = MainMenu.xib;
			sourceTree = "<group>";
		};
		5E8FBD951389E8FC00173584 /* InfoPlist.strings */ = {
			isa = PBXVariantGroup;
			children = (
				5E8FBD961389E8FC00173584 /* en */,
			);
			name = InfoPlist.strings;
			sourceTree = "<group>";
		};
/* End PBXVariantGroup section */

/* Begin XCBuildConfiguration section */
		5E8FBD9D1389E8FC00173584 /* Debug */ = {
			isa = XCBuildConfiguration;
			buildSettings = {
				ARCHS = "$(ARCHS_STANDARD_32_64_BIT)";
				GCC_C_LANGUAGE_STANDARD = gnu99;
				GCC_OPTIMIZATION_LEVEL = 0;
				GCC_PREPROCESSOR_DEFINITIONS = DEBUG;
				GCC_SYMBOLS_PRIVATE_EXTERN = NO;
				GCC_VERSION = com.apple.compilers.llvm.clang.1_0;
				GCC_WARN_64_TO_32_BIT_CONVERSION = YES;
				GCC_WARN_ABOUT_RETURN_TYPE = YES;
				GCC_WARN_UNUSED_VARIABLE = YES;
				MACOSX_DEPLOYMENT_TARGET = 10.6;
				ONLY_ACTIVE_ARCH = YES;
				SDKROOT = macosx;
			};
			name = Debug;
		};
		5E8FBD9E1389E8FC00173584 /* Release */ = {
			isa = XCBuildConfiguration;
			buildSettings = {
				ARCHS = "$(ARCHS_STANDARD_32_64_BIT)";
				GCC_C_LANGUAGE_STANDARD = gnu99;
				GCC_VERSION = com.apple.compilers.llvm.clang.1_0;
				GCC_WARN_64_TO_32_BIT_CONVERSION = YES;
				GCC_WARN_ABOUT_RETURN_TYPE = YES;
				GCC_WARN_UNUSED_VARIABLE = YES;
				MACOSX_DEPLOYMENT_TARGET = 10.6;
				SDKROOT = macosx;
			};
			name = Release;
		};
		5E8FBDA01389E8FC00173584 /* Debug */ = {
			isa = XCBuildConfiguration;
			buildSettings = {
				ALWAYS_SEARCH_USER_PATHS = NO;
				COPY_PHASE_STRIP = NO;
				GCC_DYNAMIC_NO_PIC = NO;
				GCC_ENABLE_OBJC_EXCEPTIONS = YES;
				GCC_PRECOMPILE_PREFIX_HEADER = YES;
				GCC_PREFIX_HEADER = "mlcoredata/mlcoredata-Prefix.pch";
				INFOPLIST_FILE = "mlcoredata/mlcoredata-Info.plist";
				PRODUCT_NAME = "$(TARGET_NAME)";
				WRAPPER_EXTENSION = app;
			};
			name = Debug;
		};
		5E8FBDA11389E8FC00173584 /* Release */ = {
			isa = XCBuildConfiguration;
			buildSettings = {
				ALWAYS_SEARCH_USER_PATHS = NO;
				COPY_PHASE_STRIP = YES;
				DEBUG_INFORMATION_FORMAT = "dwarf-with-dsym";
				GCC_ENABLE_OBJC_EXCEPTIONS = YES;
				GCC_PRECOMPILE_PREFIX_HEADER = YES;
				GCC_PREFIX_HEADER = "mlcoredata/mlcoredata-Prefix.pch";
				INFOPLIST_FILE = "mlcoredata/mlcoredata-Info.plist";
				PRODUCT_NAME = "$(TARGET_NAME)";
				WRAPPER_EXTENSION = app;
			};
			name = Release;
		};
		5E8FBDA31389E8FC00173584 /* Debug */ = {
			isa = XCBuildConfiguration;
			buildSettings = {
				ALWAYS_SEARCH_USER_PATHS = NO;
				BUNDLE_LOADER = "$(BUILT_PRODUCTS_DIR)/mlcoredata.app/Contents/MacOS/mlcoredata";
				COPY_PHASE_STRIP = NO;
				FRAMEWORK_SEARCH_PATHS = "$(DEVELOPER_LIBRARY_DIR)/Frameworks";
				GCC_DYNAMIC_NO_PIC = NO;
				GCC_ENABLE_OBJC_EXCEPTIONS = YES;
				GCC_PRECOMPILE_PREFIX_HEADER = YES;
				GCC_PREFIX_HEADER = "mlcoredataTests/mlcoredataTests-Prefix.pch";
				INFOPLIST_FILE = "mlcoredataTests/mlcoredataTests-Info.plist";
				OTHER_LDFLAGS = (
					"-framework",
					SenTestingKit,
				);
				PRODUCT_NAME = "$(TARGET_NAME)";
				TEST_HOST = "$(BUNDLE_LOADER)";
				WRAPPER_EXTENSION = octest;
			};
			name = Debug;
		};
		5E8FBDA41389E8FC00173584 /* Release */ = {
			isa = XCBuildConfiguration;
			buildSettings = {
				ALWAYS_SEARCH_USER_PATHS = NO;
				BUNDLE_LOADER = "$(BUILT_PRODUCTS_DIR)/mlcoredata.app/Contents/MacOS/mlcoredata";
				COPY_PHASE_STRIP = YES;
				DEBUG_INFORMATION_FORMAT = "dwarf-with-dsym";
				FRAMEWORK_SEARCH_PATHS = "$(DEVELOPER_LIBRARY_DIR)/Frameworks";
				GCC_ENABLE_OBJC_EXCEPTIONS = YES;
				GCC_PRECOMPILE_PREFIX_HEADER = YES;
				GCC_PREFIX_HEADER = "mlcoredataTests/mlcoredataTests-Prefix.pch";
				INFOPLIST_FILE = "mlcoredataTests/mlcoredataTests-Info.plist";
				OTHER_LDFLAGS = (
					"-framework",
					SenTestingKit,
				);
				PRODUCT_NAME = "$(TARGET_NAME)";
				TEST_HOST = "$(BUNDLE_LOADER)";
				WRAPPER_EXTENSION = octest;
			};
			name = Release;
		};
/* End XCBuildConfiguration section */

/* Begin XCConfigurationList section */
		5E8FBD641389E8FB00173584 /* Build configuration list for PBXProject "mlcoredata" */ = {
			isa = XCConfigurationList;
			buildConfigurations = (
				5E8FBD9D1389E8FC00173584 /* Debug */,
				5E8FBD9E1389E8FC00173584 /* Release */,
			);
			defaultConfigurationIsVisible = 0;
			defaultConfigurationName = Release;
		};
		5E8FBD9F1389E8FC00173584 /* Build configuration list for PBXNativeTarget "mlcoredata" */ = {
			isa = XCConfigurationList;
			buildConfigurations = (
				5E8FBDA01389E8FC00173584 /* Debug */,
				5E8FBDA11389E8FC00173584 /* Release */,
			);
			defaultConfigurationIsVisible = 0;
		};
		5E8FBDA21389E8FC00173584 /* Build configuration list for PBXNativeTarget "mlcoredataTests" */ = {
			isa = XCConfigurationList;
			buildConfigurations = (
				5E8FBDA31389E8FC00173584 /* Debug */,
				5E8FBDA41389E8FC00173584 /* Release */,
			);
			defaultConfigurationIsVisible = 0;
		};
/* End XCConfigurationList section */

/* Begin XCVersionGroup section */
		5E8FBD861389E8FC00173584 /* mlcoredata.xcdatamodeld */ = {
			isa = XCVersionGroup;
			children = (
				5E8FBD871389E8FC00173584 /* mlcoredata.xcdatamodel */,
			);
			currentVersion = 5E8FBD871389E8FC00173584 /* mlcoredata.xcdatamodel */;
			path = mlcoredata.xcdatamodeld;
			sourceTree = "<group>";
			versionGroupType = wrapper.xcdatamodel;
		};
/* End XCVersionGroup section */
	};
	rootObject = 5E8FBD611389E8FB00173584 /* Project object */;
}
